
Microsoft Visual Studio Solution File, Format Version 12.00
# Visual Studio 14
VisualStudioVersion = 14.0.23107.0
MinimumVisualStudioVersion = 10.0.40219.1
Project("{FAE04EC0-301F-11D3-BF4B-00C04F79EFBC}") = "CSharpInterviews", "CSharpInterviews.csproj", "{ED9B1A3D-A455-46F7-B8F5-E5783B371B78}"
EndProject
Project("{FAE04EC0-301F-11D3-BF4B-00C04F79EFBC}") = "CSharpInterviewTests", "..\CSharpInterviewTests\CSharpInterviewTests.csproj", "{50F0DEA7-10D6-46D2-9DDB-B918ACB48C26}"
EndProject
Global
	GlobalSection(SolutionConfigurationPlatforms) = preSolution
		Debug|Any CPU = Debug|Any CPU
		Release|Any CPU = Release|Any CPU
	EndGlobalSection
	GlobalSection(ProjectConfigurationPlatforms) = postSolution
		{ED9B1A3D-A455-46F7-B8F5-E5783B371B78}.Debug|Any CPU.ActiveCfg = Debug|Any CPU
		{ED9B1A3D-A455-46F7-B8F5-E5783B371B78}.Debug|Any CPU.Build.0 = Debug|Any CPU
		{ED9B1A3D-A455-46F7-B8F5-E5783B371B78}.Release|Any CPU.ActiveCfg = Release|Any CPU
		{ED9B1A3D-A455-46F7-B8F5-E5783B371B78}.Release|Any CPU.Build.0 = Release|Any CPU
		{50F0DEA7-10D6-46D2-9DDB-B918ACB48C26}.Debug|Any CPU.ActiveCfg = Debug|Any CPU
		{50F0DEA7-10D6-46D2-9DDB-B918ACB48C26}.Debug|Any CPU.Build.0 = Debug|Any CPU
		{50F0DEA7-10D6-46D2-9DDB-B918ACB48C26}.Release|Any CPU.ActiveCfg = Release|Any CPU
		{50F0DEA7-10D6-46D2-9DDB-B918ACB48C26}.Release|Any CPU.Build.0 = Release|Any CPU
	EndGlobalSection
	GlobalSection(SolutionProperties) = preSolution
		HideSolutionNode = FALSE
	EndGlobalSection
EndGlobal
